
Microsoft Visual Studio Solution File, Format Version 12.00
# Visual Studio Version 17
VisualStudioVersion = 17.14.37012.4 d17.14
MinimumVisualStudioVersion = 10.0.40219.1
Project("{FAE04EC0-301F-11D3-BF4B-00C04F79EFBC}") = "WeatherDataPipeline", "WeatherDataPipeline\WeatherDataPipeline.csproj", "{7509811F-71E2-47DE-A5FC-BD6387F72860}"
EndProject
Global
	GlobalSection(SolutionConfigurationPlatforms) = preSolution
		Debug|Any CPU = Debug|Any CPU
		Release|Any CPU = Release|Any CPU
	EndGlobalSection
	GlobalSection(ProjectConfigurationPlatforms) = postSolution
		{7509811F-71E2-47DE-A5FC-BD6387F72860}.Debug|Any CPU.ActiveCfg = Debug|Any CPU
		{7509811F-71E2-47DE-A5FC-BD6387F72860}.Debug|Any CPU.Build.0 = Debug|Any CPU
		{7509811F-71E2-47DE-A5FC-BD6387F72860}.Release|Any CPU.ActiveCfg = Release|Any CPU
		{7509811F-71E2-47DE-A5FC-BD6387F72860}.Release|Any CPU.Build.0 = Release|Any CPU
	EndGlobalSection
	GlobalSection(SolutionProperties) = preSolution
		HideSolutionNode = FALSE
	EndGlobalSection
	GlobalSection(ExtensibilityGlobals) = postSolution
		SolutionGuid = {341CA3B6-97DB-4536-A742-4DDC7FE848E0}
	EndGlobalSection
EndGlobal
